
Microsoft Visual Studio Solution File, Format Version 11.00
# Visual Studio 2010
# SharpDevelop 4.4
Project("{FAE04EC0-301F-11D3-BF4B-00C04F79EFBC}") = "reset", "reset.csproj", "{0176FDB6-41CE-44CD-84D9-FB074B483774}"
EndProject
Global
	GlobalSection(SolutionConfigurationPlatforms) = preSolution
		Debug|Any CPU = Debug|Any CPU
		Release|Any CPU = Release|Any CPU
	EndGlobalSection
	GlobalSection(ProjectConfigurationPlatforms) = postSolution
		{0176FDB6-41CE-44CD-84D9-FB074B483774}.Debug|Any CPU.Build.0 = Debug|Any CPU
		{0176FDB6-41CE-44CD-84D9-FB074B483774}.Debug|Any CPU.ActiveCfg = Debug|Any CPU
		{0176FDB6-41CE-44CD-84D9-FB074B483774}.Release|Any CPU.Build.0 = Release|Any CPU
		{0176FDB6-41CE-44CD-84D9-FB074B483774}.Release|Any CPU.ActiveCfg = Release|Any CPU
	EndGlobalSection
EndGlobal
